
Microsoft Visual Studio Solution File, Format Version 12.00
# Visual Studio Version 17
VisualStudioVersion = 17.10.34928.147
MinimumVisualStudioVersion = 10.0.40219.1
Project("{FAE04EC0-301F-11D3-BF4B-00C04F79EFBC}") = "Primeiro MVC", "Primeiro MVC.csproj", "{74571FC4-9DC3-469D-8B35-24625800EFEA}"
EndProject
Global
	GlobalSection(SolutionConfigurationPlatforms) = preSolution
		Debug|Any CPU = Debug|Any CPU
		Release|Any CPU = Release|Any CPU
	EndGlobalSection
	GlobalSection(ProjectConfigurationPlatforms) = postSolution
		{74571FC4-9DC3-469D-8B35-24625800EFEA}.Debug|Any CPU.ActiveCfg = Debug|Any CPU
		{74571FC4-9DC3-469D-8B35-24625800EFEA}.Debug|Any CPU.Build.0 = Debug|Any CPU
		{74571FC4-9DC3-469D-8B35-24625800EFEA}.Release|Any CPU.ActiveCfg = Release|Any CPU
		{74571FC4-9DC3-469D-8B35-24625800EFEA}.Release|Any CPU.Build.0 = Release|Any CPU
	EndGlobalSection
	GlobalSection(SolutionProperties) = preSolution
		HideSolutionNode = FALSE
	EndGlobalSection
	GlobalSection(ExtensibilityGlobals) = postSolution
		SolutionGuid = {2D9B4EDB-1491-4D60-887E-B3F15EFDD2A7}
	EndGlobalSection
EndGlobal
